// !$*UTF8*$!
{
	archiveVersion = 1;
	classes = {
	};
	objectVersion = 46;
	objects = {

/* Begin PBXBuildFile section */
		40EDEB18152F86C6004B6385 /* Cocoa.framework in Frameworks */ = {isa = PBXBuildFile; fileRef = 40EDEB17152F86C6004B6385 /* Cocoa.framework */; };
		40EDEB22152F86C7004B6385 /* InfoPlist.strings in Resources */ = {isa = PBXBuildFile; fileRef = 40EDEB20152F86C7004B6385 /* InfoPlist.strings */; };
		40EDEB24152F86C7004B6385 /* main.m in Sources */ = {isa = PBXBuildFile; fileRef = 40EDEB23152F86C7004B6385 /* main.m */; };
		40EDEB28152F86C7004B6385 /* Credits.rtf in Resources */ = {isa = PBXBuildFile; fileRef = 40EDEB26152F86C7004B6385 /* Credits.rtf */; };
		40EDEB2B152F86C7004B6385 /* MHAppDelegate.m in Sources */ = {isa = PBXBuildFile; fileRef = 40EDEB2A152F86C7004B6385 /* MHAppDelegate.m */; };
		40EDEB2E152F86C7004B6385 /* MainMenu.xib in Resources */ = {isa = PBXBuildFile; fileRef = 40EDEB2C152F86C7004B6385 /* MainMenu.xib */; };
		40EDEB36152F89E2004B6385 /* DCPU.c in Sources */ = {isa = PBXBuildFile; fileRef = 40EDEB35152F89E2004B6385 /* DCPU.c */; };
/* End PBXBuildFile section */

/* Begin PBXFileReference section */
		40EDEB13152F86C5004B6385 /* DCPUSim.app */ = {isa = PBXFileReference; explicitFileType = wrapper.application; includeInIndex = 0; path = DCPUSim.app; sourceTree = BUILT_PRODUCTS_DIR; };
		40EDEB17152F86C6004B6385 /* Cocoa.framework */ = {isa = PBXFileReference; lastKnownFileType = wrapper.framework; name = Cocoa.framework; path = System/Library/Frameworks/Cocoa.framework; sourceTree = SDKROOT; };
		40EDEB1A152F86C6004B6385 /* AppKit.framework */ = {isa = PBXFileReference; lastKnownFileType = wrapper.framework; name = AppKit.framework; path = System/Library/Frameworks/AppKit.framework; sourceTree = SDKROOT; };
		40EDEB1B152F86C6004B6385 /* CoreData.framework */ = {isa = PBXFileReference; lastKnownFileType = wrapper.framework; name = CoreData.framework; path = System/Library/Frameworks/CoreData.framework; sourceTree = SDKROOT; };
		40EDEB1C152F86C6004B6385 /* Foundation.framework */ = {isa = PBXFileReference; lastKnownFileType = wrapper.framework; name = Foundation.framework; path = System/Library/Frameworks/Foundation.framework; sourceTree = SDKROOT; };
		40EDEB1F152F86C6004B6385 /* DCPUSim-Info.plist */ = {isa = PBXFileReference; lastKnownFileType = text.plist.xml; path = "DCPUSim-Info.plist"; sourceTree = "<group>"; };
		40EDEB21152F86C7004B6385 /* en */ = {isa = PBXFileReference; lastKnownFileType = text.plist.strings; name = en; path = en.lproj/InfoPlist.strings; sourceTree = "<group>"; };
		40EDEB23152F86C7004B6385 /* main.m */ = {isa = PBXFileReference; lastKnownFileType = sourcecode.c.objc; path = main.m; sourceTree = "<group>"; };
		40EDEB25152F86C7004B6385 /* DCPUSim-Prefix.pch */ = {isa = PBXFileReference; lastKnownFileType = sourcecode.c.h; path = "DCPUSim-Prefix.pch"; sourceTree = "<group>"; };
		40EDEB27152F86C7004B6385 /* en */ = {isa = PBXFileReference; lastKnownFileType = text.rtf; name = en; path = en.lproj/Credits.rtf; sourceTree = "<group>"; };
		40EDEB29152F86C7004B6385 /* MHAppDelegate.h */ = {isa = PBXFileReference; lastKnownFileType = sourcecode.c.h; path = MHAppDelegate.h; sourceTree = "<group>"; };
		40EDEB2A152F86C7004B6385 /* MHAppDelegate.m */ = {isa = PBXFileReference; lastKnownFileType = sourcecode.c.objc; path = MHAppDelegate.m; sourceTree = "<group>"; };
		40EDEB2D152F86C7004B6385 /* en */ = {isa = PBXFileReference; lastKnownFileType = file.xib; name = en; path = en.lproj/MainMenu.xib; sourceTree = "<group>"; };
		40EDEB34152F887F004B6385 /* DCPU.h */ = {isa = PBXFileReference; fileEncoding = 4; lastKnownFileType = sourcecode.c.h; path = DCPU.h; sourceTree = "<group>"; };
		40EDEB35152F89E2004B6385 /* DCPU.c */ = {isa = PBXFileReference; fileEncoding = 4; lastKnownFileType = sourcecode.c.c; path = DCPU.c; sourceTree = "<group>"; };
/* End PBXFileReference section */

/* Begin PBXFrameworksBuildPhase section */
		40EDEB10152F86C5004B6385 /* Frameworks */ = {
			isa = PBXFrameworksBuildPhase;
			buildActionMask = 2147483647;
			files = (
				40EDEB18152F86C6004B6385 /* Cocoa.framework in Frameworks */,
			);
			runOnlyForDeploymentPostprocessing = 0;
		};
/* End PBXFrameworksBuildPhase section */

/* Begin PBXGroup section */
		40EDEB08152F86C4004B6385 = {
			isa = PBXGroup;
			children = (
				40EDEB1D152F86C6004B6385 /* DCPUSim */,
				40EDEB16152F86C6004B6385 /* Frameworks */,
				40EDEB14152F86C5004B6385 /* Products */,
			);
			sourceTree = "<group>";
		};
		40EDEB14152F86C5004B6385 /* Products */ = {
			isa = PBXGroup;
			children = (
				40EDEB13152F86C5004B6385 /* DCPUSim.app */,
			);
			name = Products;
			sourceTree = "<group>";
		};
		40EDEB16152F86C6004B6385 /* Frameworks */ = {
			isa = PBXGroup;
			children = (
				40EDEB17152F86C6004B6385 /* Cocoa.framework */,
				40EDEB19152F86C6004B6385 /* Other Frameworks */,
			);
			name = Frameworks;
			sourceTree = "<group>";
		};
		40EDEB19152F86C6004B6385 /* Other Frameworks */ = {
			isa = PBXGroup;
			children = (
				40EDEB1A152F86C6004B6385 /* AppKit.framework */,
				40EDEB1B152F86C6004B6385 /* CoreData.framework */,
				40EDEB1C152F86C6004B6385 /* Foundation.framework */,
			);
			name = "Other Frameworks";
			sourceTree = "<group>";
		};
		40EDEB1D152F86C6004B6385 /* DCPUSim */ = {
			isa = PBXGroup;
			children = (
				40EDEB29152F86C7004B6385 /* MHAppDelegate.h */,
				40EDEB2A152F86C7004B6385 /* MHAppDelegate.m */,
				40EDEB2C152F86C7004B6385 /* MainMenu.xib */,
				40EDEB1E152F86C6004B6385 /* Supporting Files */,
				40EDEB34152F887F004B6385 /* DCPU.h */,
				40EDEB35152F89E2004B6385 /* DCPU.c */,
			);
			path = DCPUSim;
			sourceTree = "<group>";
		};
		40EDEB1E152F86C6004B6385 /* Supporting Files */ = {
			isa = PBXGroup;
			children = (
				40EDEB1F152F86C6004B6385 /* DCPUSim-Info.plist */,
				40EDEB20152F86C7004B6385 /* InfoPlist.strings */,
				40EDEB23152F86C7004B6385 /* main.m */,
				40EDEB25152F86C7004B6385 /* DCPUSim-Prefix.pch */,
				40EDEB26152F86C7004B6385 /* Credits.rtf */,
			);
			name = "Supporting Files";
			sourceTree = "<group>";
		};
/* End PBXGroup section */

/* Begin PBXNativeTarget section */
		40EDEB12152F86C5004B6385 /* DCPUSim */ = {
			isa = PBXNativeTarget;
			buildConfigurationList = 40EDEB31152F86C8004B6385 /* Build configuration list for PBXNativeTarget "DCPUSim" */;
			buildPhases = (
				40EDEB0F152F86C5004B6385 /* Sources */,
				40EDEB10152F86C5004B6385 /* Frameworks */,
				40EDEB11152F86C5004B6385 /* Resources */,
			);
			buildRules = (
			);
			dependencies = (
			);
			name = DCPUSim;
			productName = DCPUSim;
			productReference = 40EDEB13152F86C5004B6385 /* DCPUSim.app */;
			productType = "com.apple.product-type.application";
		};
/* End PBXNativeTarget section */

/* Begin PBXProject section */
		40EDEB0A152F86C4004B6385 /* Project object */ = {
			isa = PBXProject;
			attributes = {
				CLASSPREFIX = MH;
				LastUpgradeCheck = 0430;
				ORGANIZATIONNAME = "University of Sheffield";
			};
			buildConfigurationList = 40EDEB0D152F86C4004B6385 /* Build configuration list for PBXProject "DCPUSim" */;
			compatibilityVersion = "Xcode 3.2";
			developmentRegion = English;
			hasScannedForEncodings = 0;
			knownRegions = (
				en,
			);
			mainGroup = 40EDEB08152F86C4004B6385;
			productRefGroup = 40EDEB14152F86C5004B6385 /* Products */;
			projectDirPath = "";
			projectRoot = "";
			targets = (
				40EDEB12152F86C5004B6385 /* DCPUSim */,
			);
		};
/* End PBXProject section */

/* Begin PBXResourcesBuildPhase section */
		40EDEB11152F86C5004B6385 /* Resources */ = {
			isa = PBXResourcesBuildPhase;
			buildActionMask = 2147483647;
			files = (
				40EDEB22152F86C7004B6385 /* InfoPlist.strings in Resources */,
				40EDEB28152F86C7004B6385 /* Credits.rtf in Resources */,
				40EDEB2E152F86C7004B6385 /* MainMenu.xib in Resources */,
			);
			runOnlyForDeploymentPostprocessing = 0;
		};
/* End PBXResourcesBuildPhase section */

/* Begin PBXSourcesBuildPhase section */
		40EDEB0F152F86C5004B6385 /* Sources */ = {
			isa = PBXSourcesBuildPhase;
			buildActionMask = 2147483647;
			files = (
				40EDEB24152F86C7004B6385 /* main.m in Sources */,
				40EDEB2B152F86C7004B6385 /* MHAppDelegate.m in Sources */,
				40EDEB36152F89E2004B6385 /* DCPU.c in Sources */,
			);
			runOnlyForDeploymentPostprocessing = 0;
		};
/* End PBXSourcesBuildPhase section */

/* Begin PBXVariantGroup section */
		40EDEB20152F86C7004B6385 /* InfoPlist.strings */ = {
			isa = PBXVariantGroup;
			children = (
				40EDEB21152F86C7004B6385 /* en */,
			);
			name = InfoPlist.strings;
			sourceTree = "<group>";
		};
		40EDEB26152F86C7004B6385 /* Credits.rtf */ = {
			isa = PBXVariantGroup;
			children = (
				40EDEB27152F86C7004B6385 /* en */,
			);
			name = Credits.rtf;
			sourceTree = "<group>";
		};
		40EDEB2C152F86C7004B6385 /* MainMenu.xib */ = {
			isa = PBXVariantGroup;
			children = (
				40EDEB2D152F86C7004B6385 /* en */,
			);
			name = MainMenu.xib;
			sourceTree = "<group>";
		};
/* End PBXVariantGroup section */

/* Begin XCBuildConfiguration section */
		40EDEB2F152F86C7004B6385 /* Debug */ = {
			isa = XCBuildConfiguration;
			buildSettings = {
				ALWAYS_SEARCH_USER_PATHS = NO;
				ARCHS = "$(ARCHS_STANDARD_64_BIT)";
				CLANG_ENABLE_OBJC_ARC = YES;
				COPY_PHASE_STRIP = NO;
				GCC_C_LANGUAGE_STANDARD = gnu99;
				GCC_DYNAMIC_NO_PIC = NO;
				GCC_ENABLE_OBJC_EXCEPTIONS = YES;
				GCC_OPTIMIZATION_LEVEL = 0;
				GCC_PREPROCESSOR_DEFINITIONS = (
					"DEBUG=1",
					"$(inherited)",
				);
				GCC_SYMBOLS_PRIVATE_EXTERN = NO;
				GCC_VERSION = com.apple.compilers.llvm.clang.1_0;
				GCC_WARN_64_TO_32_BIT_CONVERSION = YES;
				GCC_WARN_ABOUT_RETURN_TYPE = YES;
				GCC_WARN_UNINITIALIZED_AUTOS = YES;
				GCC_WARN_UNUSED_VARIABLE = YES;
				MACOSX_DEPLOYMENT_TARGET = 10.7;
				ONLY_ACTIVE_ARCH = YES;
				SDKROOT = macosx;
			};
			name = Debug;
		};
		40EDEB30152F86C8004B6385 /* Release */ = {
			isa = XCBuildConfiguration;
			buildSettings = {
				ALWAYS_SEARCH_USER_PATHS = NO;
				ARCHS = "$(ARCHS_STANDARD_64_BIT)";
				CLANG_ENABLE_OBJC_ARC = YES;
				COPY_PHASE_STRIP = YES;
				DEBUG_INFORMATION_FORMAT = "dwarf-with-dsym";
				GCC_C_LANGUAGE_STANDARD = gnu99;
				GCC_ENABLE_OBJC_EXCEPTIONS = YES;
				GCC_VERSION = com.apple.compilers.llvm.clang.1_0;
				GCC_WARN_64_TO_32_BIT_CONVERSION = YES;
				GCC_WARN_ABOUT_RETURN_TYPE = YES;
				GCC_WARN_UNINITIALIZED_AUTOS = YES;
				GCC_WARN_UNUSED_VARIABLE = YES;
				MACOSX_DEPLOYMENT_TARGET = 10.7;
				SDKROOT = macosx;
			};
			name = Release;
		};
		40EDEB32152F86C8004B6385 /* Debug */ = {
			isa = XCBuildConfiguration;
			buildSettings = {
				GCC_PRECOMPILE_PREFIX_HEADER = YES;
				GCC_PREFIX_HEADER = "DCPUSim/DCPUSim-Prefix.pch";
				INFOPLIST_FILE = "DCPUSim/DCPUSim-Info.plist";
				PRODUCT_NAME = "$(TARGET_NAME)";
				WRAPPER_EXTENSION = app;
			};
			name = Debug;
		};
		40EDEB33152F86C8004B6385 /* Release */ = {
			isa = XCBuildConfiguration;
			buildSettings = {
				GCC_PRECOMPILE_PREFIX_HEADER = YES;
				GCC_PREFIX_HEADER = "DCPUSim/DCPUSim-Prefix.pch";
				INFOPLIST_FILE = "DCPUSim/DCPUSim-Info.plist";
				PRODUCT_NAME = "$(TARGET_NAME)";
				WRAPPER_EXTENSION = app;
			};
			name = Release;
		};
/* End XCBuildConfiguration section */

/* Begin XCConfigurationList section */
		40EDEB0D152F86C4004B6385 /* Build configuration list for PBXProject "DCPUSim" */ = {
			isa = XCConfigurationList;
			buildConfigurations = (
				40EDEB2F152F86C7004B6385 /* Debug */,
				40EDEB30152F86C8004B6385 /* Release */,
			);
			defaultConfigurationIsVisible = 0;
			defaultConfigurationName = Release;
		};
		40EDEB31152F86C8004B6385 /* Build configuration list for PBXNativeTarget "DCPUSim" */ = {
			isa = XCConfigurationList;
			buildConfigurations = (
				40EDEB32152F86C8004B6385 /* Debug */,
				40EDEB33152F86C8004B6385 /* Release */,
			);
			defaultConfigurationIsVisible = 0;
		};
/* End XCConfigurationList section */
	};
	rootObject = 40EDEB0A152F86C4004B6385 /* Project object */;
}
